
Microsoft Visual Studio Solution File, Format Version 12.00
# Visual Studio 2013
VisualStudioVersion = 12.0.21005.1
MinimumVisualStudioVersion = 10.0.40219.1
Project("{FAE04EC0-301F-11D3-BF4B-00C04F79EFBC}") = "BtsOnrampDaemon", "BtsOnrampDaemon.csproj", "{0E9292A7-858F-4DB6-B1F4-A3026F6A5F57}"
EndProject
Project("{FAE04EC0-301F-11D3-BF4B-00C04F79EFBC}") = "BitsharesRpc", "..\BitsharesRpc\BitsharesRpc.csproj", "{3B864150-7BD3-454B-A19A-D3E2C4EA426F}"
EndProject
Project("{FAE04EC0-301F-11D3-BF4B-00C04F79EFBC}") = "RestLib", "..\RestLib\RestLib.csproj", "{C2755A02-D80A-4FB2-8210-45C181DD6785}"
EndProject
Project("{FAE04EC0-301F-11D3-BF4B-00C04F79EFBC}") = "BitsharesCore", "..\BitsharesCore\BitsharesCore.csproj", "{DC18E1FD-6299-40B7-82DD-7FE4E9EEA7E2}"
EndProject
Project("{FAE04EC0-301F-11D3-BF4B-00C04F79EFBC}") = "BitsharesCoreUnitTests", "..\BitsharesCoreUnitTests\BitsharesCoreUnitTests.csproj", "{C38F76DF-FFCC-4877-8B1E-4ADCCB134A58}"
EndProject
Project("{FAE04EC0-301F-11D3-BF4B-00C04F79EFBC}") = "UnitTestDebugging", "..\UnitTestDebugging\UnitTestDebugging.csproj", "{B6851CFE-3C95-4109-87ED-63F57FC5186A}"
EndProject
Global
	GlobalSection(SolutionConfigurationPlatforms) = preSolution
		Debug|Any CPU = Debug|Any CPU
		Release|Any CPU = Release|Any CPU
	EndGlobalSection
	GlobalSection(ProjectConfigurationPlatforms) = postSolution
		{0E9292A7-858F-4DB6-B1F4-A3026F6A5F57}.Debug|Any CPU.ActiveCfg = Debug|Any CPU
		{0E9292A7-858F-4DB6-B1F4-A3026F6A5F57}.Debug|Any CPU.Build.0 = Debug|Any CPU
		{0E9292A7-858F-4DB6-B1F4-A3026F6A5F57}.Release|Any CPU.ActiveCfg = Release|Any CPU
		{0E9292A7-858F-4DB6-B1F4-A3026F6A5F57}.Release|Any CPU.Build.0 = Release|Any CPU
		{3B864150-7BD3-454B-A19A-D3E2C4EA426F}.Debug|Any CPU.ActiveCfg = Debug|Any CPU
		{3B864150-7BD3-454B-A19A-D3E2C4EA426F}.Debug|Any CPU.Build.0 = Debug|Any CPU
		{3B864150-7BD3-454B-A19A-D3E2C4EA426F}.Release|Any CPU.ActiveCfg = Release|Any CPU
		{3B864150-7BD3-454B-A19A-D3E2C4EA426F}.Release|Any CPU.Build.0 = Release|Any CPU
		{C2755A02-D80A-4FB2-8210-45C181DD6785}.Debug|Any CPU.ActiveCfg = Debug|Any CPU
		{C2755A02-D80A-4FB2-8210-45C181DD6785}.Debug|Any CPU.Build.0 = Debug|Any CPU
		{C2755A02-D80A-4FB2-8210-45C181DD6785}.Release|Any CPU.ActiveCfg = Release|Any CPU
		{C2755A02-D80A-4FB2-8210-45C181DD6785}.Release|Any CPU.Build.0 = Release|Any CPU
		{DC18E1FD-6299-40B7-82DD-7FE4E9EEA7E2}.Debug|Any CPU.ActiveCfg = Debug|Any CPU
		{DC18E1FD-6299-40B7-82DD-7FE4E9EEA7E2}.Debug|Any CPU.Build.0 = Debug|Any CPU
		{DC18E1FD-6299-40B7-82DD-7FE4E9EEA7E2}.Release|Any CPU.ActiveCfg = Release|Any CPU
		{DC18E1FD-6299-40B7-82DD-7FE4E9EEA7E2}.Release|Any CPU.Build.0 = Release|Any CPU
		{C38F76DF-FFCC-4877-8B1E-4ADCCB134A58}.Debug|Any CPU.ActiveCfg = Debug|Any CPU
		{C38F76DF-FFCC-4877-8B1E-4ADCCB134A58}.Debug|Any CPU.Build.0 = Debug|Any CPU
		{C38F76DF-FFCC-4877-8B1E-4ADCCB134A58}.Release|Any CPU.ActiveCfg = Release|Any CPU
		{C38F76DF-FFCC-4877-8B1E-4ADCCB134A58}.Release|Any CPU.Build.0 = Release|Any CPU
		{B6851CFE-3C95-4109-87ED-63F57FC5186A}.Debug|Any CPU.ActiveCfg = Debug|Any CPU
		{B6851CFE-3C95-4109-87ED-63F57FC5186A}.Debug|Any CPU.Build.0 = Debug|Any CPU
		{B6851CFE-3C95-4109-87ED-63F57FC5186A}.Release|Any CPU.ActiveCfg = Release|Any CPU
		{B6851CFE-3C95-4109-87ED-63F57FC5186A}.Release|Any CPU.Build.0 = Release|Any CPU
	EndGlobalSection
	GlobalSection(SolutionProperties) = preSolution
		HideSolutionNode = FALSE
	EndGlobalSection
EndGlobal
